// !$*UTF8*$!
{
	archiveVersion = 1;
	classes = {
	};
	objectVersion = 50;
	objects = {

/* Begin PBXBuildFile section */
		79F1FAEE24351C0600895AF6 /* AppDelegate.swift in Sources */ = {isa = PBXBuildFile; fileRef = 79F1FAED24351C0600895AF6 /* AppDelegate.swift */; };
		79F1FAF724351C0700895AF6 /* Assets.xcassets in Resources */ = {isa = PBXBuildFile; fileRef = 79F1FAF624351C0700895AF6 /* Assets.xcassets */; };
		79F1FAFA24351C0700895AF6 /* LaunchScreen.storyboard in Resources */ = {isa = PBXBuildFile; fileRef = 79F1FAF824351C0700895AF6 /* LaunchScreen.storyboard */; };
		79F1FB0524351C0800895AF6 /* ShinnyWaffleTests.swift in Sources */ = {isa = PBXBuildFile; fileRef = 79F1FB0424351C0800895AF6 /* ShinnyWaffleTests.swift */; };
		79F1FB6B24351DF900895AF6 /* ShinnyWaffleUIKit.framework in Frameworks */ = {isa = PBXBuildFile; fileRef = 79F1FB6224351DF900895AF6 /* ShinnyWaffleUIKit.framework */; };
		79F1FB7224351DF900895AF6 /* ShinnyWaffleUIKitTests.swift in Sources */ = {isa = PBXBuildFile; fileRef = 79F1FB7124351DF900895AF6 /* ShinnyWaffleUIKitTests.swift */; };
		79F1FB7424351DF900895AF6 /* ShinnyWaffleUIKit.h in Headers */ = {isa = PBXBuildFile; fileRef = 79F1FB6424351DF900895AF6 /* ShinnyWaffleUIKit.h */; settings = {ATTRIBUTES = (Public, ); }; };
		79F1FB7724351DF900895AF6 /* ShinnyWaffleUIKit.framework in Frameworks */ = {isa = PBXBuildFile; fileRef = 79F1FB6224351DF900895AF6 /* ShinnyWaffleUIKit.framework */; };
		79F1FB7824351DF900895AF6 /* ShinnyWaffleUIKit.framework in Embed Frameworks */ = {isa = PBXBuildFile; fileRef = 79F1FB6224351DF900895AF6 /* ShinnyWaffleUIKit.framework */; settings = {ATTRIBUTES = (CodeSignOnCopy, RemoveHeadersOnCopy, ); }; };
		79F1FB8324351E3500895AF6 /* NiblessViewController.swift in Sources */ = {isa = PBXBuildFile; fileRef = 79F1FB8224351E3500895AF6 /* NiblessViewController.swift */; };
		79F1FB8524351E4E00895AF6 /* NiblessView.swift in Sources */ = {isa = PBXBuildFile; fileRef = 79F1FB8424351E4E00895AF6 /* NiblessView.swift */; };
		79F1FB9424351E7100895AF6 /* ShinnyWaffle_iOS.framework in Frameworks */ = {isa = PBXBuildFile; fileRef = 79F1FB8B24351E7100895AF6 /* ShinnyWaffle_iOS.framework */; };
		79F1FB9B24351E7100895AF6 /* ShinnyWaffle_iOSTests.swift in Sources */ = {isa = PBXBuildFile; fileRef = 79F1FB9A24351E7100895AF6 /* ShinnyWaffle_iOSTests.swift */; };
		79F1FB9D24351E7100895AF6 /* ShinnyWaffle_iOS.h in Headers */ = {isa = PBXBuildFile; fileRef = 79F1FB8D24351E7100895AF6 /* ShinnyWaffle_iOS.h */; settings = {ATTRIBUTES = (Public, ); }; };
		79F1FBA024351E7100895AF6 /* ShinnyWaffle_iOS.framework in Frameworks */ = {isa = PBXBuildFile; fileRef = 79F1FB8B24351E7100895AF6 /* ShinnyWaffle_iOS.framework */; };
		79F1FBA124351E7100895AF6 /* ShinnyWaffle_iOS.framework in Embed Frameworks */ = {isa = PBXBuildFile; fileRef = 79F1FB8B24351E7100895AF6 /* ShinnyWaffle_iOS.framework */; settings = {ATTRIBUTES = (CodeSignOnCopy, RemoveHeadersOnCopy, ); }; };
		79F1FBAA24351EAF00895AF6 /* MainViewController.swift in Sources */ = {isa = PBXBuildFile; fileRef = 79F1FBA924351EAF00895AF6 /* MainViewController.swift */; };
		79F1FBAD24351EFE00895AF6 /* MainRootView.swift in Sources */ = {isa = PBXBuildFile; fileRef = 79F1FBAC24351EFE00895AF6 /* MainRootView.swift */; };
		79F1FBAF24351FA500895AF6 /* AppDependencyContainer.swift in Sources */ = {isa = PBXBuildFile; fileRef = 79F1FBAE24351FA500895AF6 /* AppDependencyContainer.swift */; };
		79F1FBB5243529D000895AF6 /* NiblessNavigationController.swift in Sources */ = {isa = PBXBuildFile; fileRef = 79F1FBB4243529D000895AF6 /* NiblessNavigationController.swift */; };
/* End PBXBuildFile section */

/* Begin PBXContainerItemProxy section */
		79F1FB0124351C0800895AF6 /* PBXContainerItemProxy */ = {
			isa = PBXContainerItemProxy;
			containerPortal = 79F1FAE224351C0600895AF6 /* Project object */;
			proxyType = 1;
			remoteGlobalIDString = 79F1FAE924351C0600895AF6;
			remoteInfo = ShinnyWaffle;
		};
		79F1FB6C24351DF900895AF6 /* PBXContainerItemProxy */ = {
			isa = PBXContainerItemProxy;
			containerPortal = 79F1FAE224351C0600895AF6 /* Project object */;
			proxyType = 1;
			remoteGlobalIDString = 79F1FB6124351DF900895AF6;
			remoteInfo = ShinnyWaffleUIKit;
		};
		79F1FB6E24351DF900895AF6 /* PBXContainerItemProxy */ = {
			isa = PBXContainerItemProxy;
			containerPortal = 79F1FAE224351C0600895AF6 /* Project object */;
			proxyType = 1;
			remoteGlobalIDString = 79F1FAE924351C0600895AF6;
			remoteInfo = ShinnyWaffle;
		};
		79F1FB7524351DF900895AF6 /* PBXContainerItemProxy */ = {
			isa = PBXContainerItemProxy;
			containerPortal = 79F1FAE224351C0600895AF6 /* Project object */;
			proxyType = 1;
			remoteGlobalIDString = 79F1FB6124351DF900895AF6;
			remoteInfo = ShinnyWaffleUIKit;
		};
		79F1FB9524351E7100895AF6 /* PBXContainerItemProxy */ = {
			isa = PBXContainerItemProxy;
			containerPortal = 79F1FAE224351C0600895AF6 /* Project object */;
			proxyType = 1;
			remoteGlobalIDString = 79F1FB8A24351E7100895AF6;
			remoteInfo = ShinnyWaffle_iOS;
		};
		79F1FB9724351E7100895AF6 /* PBXContainerItemProxy */ = {
			isa = PBXContainerItemProxy;
			containerPortal = 79F1FAE224351C0600895AF6 /* Project object */;
			proxyType = 1;
			remoteGlobalIDString = 79F1FAE924351C0600895AF6;
			remoteInfo = ShinnyWaffle;
		};
		79F1FB9E24351E7100895AF6 /* PBXContainerItemProxy */ = {
			isa = PBXContainerItemProxy;
			containerPortal = 79F1FAE224351C0600895AF6 /* Project object */;
			proxyType = 1;
			remoteGlobalIDString = 79F1FB8A24351E7100895AF6;
			remoteInfo = ShinnyWaffle_iOS;
		};
/* End PBXContainerItemProxy section */

/* Begin PBXCopyFilesBuildPhase section */
		79F1FB7924351DF900895AF6 /* Embed Frameworks */ = {
			isa = PBXCopyFilesBuildPhase;
			buildActionMask = 2147483647;
			dstPath = "";
			dstSubfolderSpec = 10;
			files = (
				79F1FBA124351E7100895AF6 /* ShinnyWaffle_iOS.framework in Embed Frameworks */,
				79F1FB7824351DF900895AF6 /* ShinnyWaffleUIKit.framework in Embed Frameworks */,
			);
			name = "Embed Frameworks";
			runOnlyForDeploymentPostprocessing = 0;
		};
/* End PBXCopyFilesBuildPhase section */

/* Begin PBXFileReference section */
		79F1FAEA24351C0600895AF6 /* ShinnyWaffle.app */ = {isa = PBXFileReference; explicitFileType = wrapper.application; includeInIndex = 0; path = ShinnyWaffle.app; sourceTree = BUILT_PRODUCTS_DIR; };
		79F1FAED24351C0600895AF6 /* AppDelegate.swift */ = {isa = PBXFileReference; lastKnownFileType = sourcecode.swift; path = AppDelegate.swift; sourceTree = "<group>"; };
		79F1FAF624351C0700895AF6 /* Assets.xcassets */ = {isa = PBXFileReference; lastKnownFileType = folder.assetcatalog; path = Assets.xcassets; sourceTree = "<group>"; };
		79F1FAF924351C0700895AF6 /* Base */ = {isa = PBXFileReference; lastKnownFileType = file.storyboard; name = Base; path = Base.lproj/LaunchScreen.storyboard; sourceTree = "<group>"; };
		79F1FAFB24351C0700895AF6 /* Info.plist */ = {isa = PBXFileReference; lastKnownFileType = text.plist.xml; path = Info.plist; sourceTree = "<group>"; };
		79F1FB0024351C0800895AF6 /* ShinnyWaffleTests.xctest */ = {isa = PBXFileReference; explicitFileType = wrapper.cfbundle; includeInIndex = 0; path = ShinnyWaffleTests.xctest; sourceTree = BUILT_PRODUCTS_DIR; };
		79F1FB0424351C0800895AF6 /* ShinnyWaffleTests.swift */ = {isa = PBXFileReference; lastKnownFileType = sourcecode.swift; path = ShinnyWaffleTests.swift; sourceTree = "<group>"; };
		79F1FB0624351C0800895AF6 /* Info.plist */ = {isa = PBXFileReference; lastKnownFileType = text.plist.xml; path = Info.plist; sourceTree = "<group>"; };
		79F1FB6224351DF900895AF6 /* ShinnyWaffleUIKit.framework */ = {isa = PBXFileReference; explicitFileType = wrapper.framework; includeInIndex = 0; path = ShinnyWaffleUIKit.framework; sourceTree = BUILT_PRODUCTS_DIR; };
		79F1FB6424351DF900895AF6 /* ShinnyWaffleUIKit.h */ = {isa = PBXFileReference; lastKnownFileType = sourcecode.c.h; path = ShinnyWaffleUIKit.h; sourceTree = "<group>"; };
		79F1FB6524351DF900895AF6 /* Info.plist */ = {isa = PBXFileReference; lastKnownFileType = text.plist.xml; path = Info.plist; sourceTree = "<group>"; };
		79F1FB6A24351DF900895AF6 /* ShinnyWaffleUIKitTests.xctest */ = {isa = PBXFileReference; explicitFileType = wrapper.cfbundle; includeInIndex = 0; path = ShinnyWaffleUIKitTests.xctest; sourceTree = BUILT_PRODUCTS_DIR; };
		79F1FB7124351DF900895AF6 /* ShinnyWaffleUIKitTests.swift */ = {isa = PBXFileReference; lastKnownFileType = sourcecode.swift; path = ShinnyWaffleUIKitTests.swift; sourceTree = "<group>"; };
		79F1FB7324351DF900895AF6 /* Info.plist */ = {isa = PBXFileReference; lastKnownFileType = text.plist.xml; path = Info.plist; sourceTree = "<group>"; };
		79F1FB8224351E3500895AF6 /* NiblessViewController.swift */ = {isa = PBXFileReference; lastKnownFileType = sourcecode.swift; path = NiblessViewController.swift; sourceTree = "<group>"; };
		79F1FB8424351E4E00895AF6 /* NiblessView.swift */ = {isa = PBXFileReference; lastKnownFileType = sourcecode.swift; path = NiblessView.swift; sourceTree = "<group>"; };
		79F1FB8B24351E7100895AF6 /* ShinnyWaffle_iOS.framework */ = {isa = PBXFileReference; explicitFileType = wrapper.framework; includeInIndex = 0; path = ShinnyWaffle_iOS.framework; sourceTree = BUILT_PRODUCTS_DIR; };
		79F1FB8D24351E7100895AF6 /* ShinnyWaffle_iOS.h */ = {isa = PBXFileReference; lastKnownFileType = sourcecode.c.h; path = ShinnyWaffle_iOS.h; sourceTree = "<group>"; };
		79F1FB8E24351E7100895AF6 /* Info.plist */ = {isa = PBXFileReference; lastKnownFileType = text.plist.xml; path = Info.plist; sourceTree = "<group>"; };
		79F1FB9324351E7100895AF6 /* ShinnyWaffle_iOSTests.xctest */ = {isa = PBXFileReference; explicitFileType = wrapper.cfbundle; includeInIndex = 0; path = ShinnyWaffle_iOSTests.xctest; sourceTree = BUILT_PRODUCTS_DIR; };
		79F1FB9A24351E7100895AF6 /* ShinnyWaffle_iOSTests.swift */ = {isa = PBXFileReference; lastKnownFileType = sourcecode.swift; path = ShinnyWaffle_iOSTests.swift; sourceTree = "<group>"; };
		79F1FB9C24351E7100895AF6 /* Info.plist */ = {isa = PBXFileReference; lastKnownFileType = text.plist.xml; path = Info.plist; sourceTree = "<group>"; };
		79F1FBA924351EAF00895AF6 /* MainViewController.swift */ = {isa = PBXFileReference; lastKnownFileType = sourcecode.swift; path = MainViewController.swift; sourceTree = "<group>"; };
		79F1FBAC24351EFE00895AF6 /* MainRootView.swift */ = {isa = PBXFileReference; lastKnownFileType = sourcecode.swift; path = MainRootView.swift; sourceTree = "<group>"; };
		79F1FBAE24351FA500895AF6 /* AppDependencyContainer.swift */ = {isa = PBXFileReference; lastKnownFileType = sourcecode.swift; path = AppDependencyContainer.swift; sourceTree = "<group>"; };
		79F1FBB4243529D000895AF6 /* NiblessNavigationController.swift */ = {isa = PBXFileReference; lastKnownFileType = sourcecode.swift; path = NiblessNavigationController.swift; sourceTree = "<group>"; };
/* End PBXFileReference section */

/* Begin PBXFrameworksBuildPhase section */
		79F1FAE724351C0600895AF6 /* Frameworks */ = {
			isa = PBXFrameworksBuildPhase;
			buildActionMask = 2147483647;
			files = (
				79F1FBA024351E7100895AF6 /* ShinnyWaffle_iOS.framework in Frameworks */,
				79F1FB7724351DF900895AF6 /* ShinnyWaffleUIKit.framework in Frameworks */,
			);
			runOnlyForDeploymentPostprocessing = 0;
		};
		79F1FAFD24351C0800895AF6 /* Frameworks */ = {
			isa = PBXFrameworksBuildPhase;
			buildActionMask = 2147483647;
			files = (
			);
			runOnlyForDeploymentPostprocessing = 0;
		};
		79F1FB5F24351DF900895AF6 /* Frameworks */ = {
			isa = PBXFrameworksBuildPhase;
			buildActionMask = 2147483647;
			files = (
			);
			runOnlyForDeploymentPostprocessing = 0;
		};
		79F1FB6724351DF900895AF6 /* Frameworks */ = {
			isa = PBXFrameworksBuildPhase;
			buildActionMask = 2147483647;
			files = (
				79F1FB6B24351DF900895AF6 /* ShinnyWaffleUIKit.framework in Frameworks */,
			);
			runOnlyForDeploymentPostprocessing = 0;
		};
		79F1FB8824351E7100895AF6 /* Frameworks */ = {
			isa = PBXFrameworksBuildPhase;
			buildActionMask = 2147483647;
			files = (
			);
			runOnlyForDeploymentPostprocessing = 0;
		};
		79F1FB9024351E7100895AF6 /* Frameworks */ = {
			isa = PBXFrameworksBuildPhase;
			buildActionMask = 2147483647;
			files = (
				79F1FB9424351E7100895AF6 /* ShinnyWaffle_iOS.framework in Frameworks */,
			);
			runOnlyForDeploymentPostprocessing = 0;
		};
/* End PBXFrameworksBuildPhase section */

/* Begin PBXGroup section */
		79F1FAE124351C0600895AF6 = {
			isa = PBXGroup;
			children = (
				79F1FAEC24351C0600895AF6 /* ShinnyWaffle */,
				79F1FB6324351DF900895AF6 /* ShinnyWaffleUIKit */,
				79F1FB8C24351E7100895AF6 /* ShinnyWaffle_iOS */,
				79F1FB0324351C0800895AF6 /* ShinnyWaffleTests */,
				79F1FB7024351DF900895AF6 /* ShinnyWaffleUIKitTests */,
				79F1FB9924351E7100895AF6 /* ShinnyWaffle_iOSTests */,
				79F1FAEB24351C0600895AF6 /* Products */,
			);
			sourceTree = "<group>";
		};
		79F1FAEB24351C0600895AF6 /* Products */ = {
			isa = PBXGroup;
			children = (
				79F1FAEA24351C0600895AF6 /* ShinnyWaffle.app */,
				79F1FB0024351C0800895AF6 /* ShinnyWaffleTests.xctest */,
				79F1FB6224351DF900895AF6 /* ShinnyWaffleUIKit.framework */,
				79F1FB6A24351DF900895AF6 /* ShinnyWaffleUIKitTests.xctest */,
				79F1FB8B24351E7100895AF6 /* ShinnyWaffle_iOS.framework */,
				79F1FB9324351E7100895AF6 /* ShinnyWaffle_iOSTests.xctest */,
			);
			name = Products;
			sourceTree = "<group>";
		};
		79F1FAEC24351C0600895AF6 /* ShinnyWaffle */ = {
			isa = PBXGroup;
			children = (
				79F1FAED24351C0600895AF6 /* AppDelegate.swift */,
				79F1FAF624351C0700895AF6 /* Assets.xcassets */,
				79F1FAF824351C0700895AF6 /* LaunchScreen.storyboard */,
				79F1FAFB24351C0700895AF6 /* Info.plist */,
			);
			path = ShinnyWaffle;
			sourceTree = "<group>";
		};
		79F1FB0324351C0800895AF6 /* ShinnyWaffleTests */ = {
			isa = PBXGroup;
			children = (
				79F1FB0424351C0800895AF6 /* ShinnyWaffleTests.swift */,
				79F1FB0624351C0800895AF6 /* Info.plist */,
			);
			path = ShinnyWaffleTests;
			sourceTree = "<group>";
		};
		79F1FB6324351DF900895AF6 /* ShinnyWaffleUIKit */ = {
			isa = PBXGroup;
			children = (
				79F1FB8024351E1600895AF6 /* Reusable */,
				79F1FB6424351DF900895AF6 /* ShinnyWaffleUIKit.h */,
				79F1FB6524351DF900895AF6 /* Info.plist */,
			);
			path = ShinnyWaffleUIKit;
			sourceTree = "<group>";
		};
		79F1FB7024351DF900895AF6 /* ShinnyWaffleUIKitTests */ = {
			isa = PBXGroup;
			children = (
				79F1FB7124351DF900895AF6 /* ShinnyWaffleUIKitTests.swift */,
				79F1FB7324351DF900895AF6 /* Info.plist */,
			);
			path = ShinnyWaffleUIKitTests;
			sourceTree = "<group>";
		};
		79F1FB8024351E1600895AF6 /* Reusable */ = {
			isa = PBXGroup;
			children = (
				79F1FB8124351E1C00895AF6 /* Nibless Components */,
			);
			path = Reusable;
			sourceTree = "<group>";
		};
		79F1FB8124351E1C00895AF6 /* Nibless Components */ = {
			isa = PBXGroup;
			children = (
				79F1FB8224351E3500895AF6 /* NiblessViewController.swift */,
				79F1FB8424351E4E00895AF6 /* NiblessView.swift */,
				79F1FBB4243529D000895AF6 /* NiblessNavigationController.swift */,
			);
			path = "Nibless Components";
			sourceTree = "<group>";
		};
		79F1FB8C24351E7100895AF6 /* ShinnyWaffle_iOS */ = {
			isa = PBXGroup;
			children = (
				79F1FBAB24351EDF00895AF6 /* User Interfaces */,
				79F1FBA824351E9200895AF6 /* View Controllers */,
				79F1FB8D24351E7100895AF6 /* ShinnyWaffle_iOS.h */,
				79F1FB8E24351E7100895AF6 /* Info.plist */,
				79F1FBAE24351FA500895AF6 /* AppDependencyContainer.swift */,
			);
			path = ShinnyWaffle_iOS;
			sourceTree = "<group>";
		};
		79F1FB9924351E7100895AF6 /* ShinnyWaffle_iOSTests */ = {
			isa = PBXGroup;
			children = (
				79F1FB9A24351E7100895AF6 /* ShinnyWaffle_iOSTests.swift */,
				79F1FB9C24351E7100895AF6 /* Info.plist */,
			);
			path = ShinnyWaffle_iOSTests;
			sourceTree = "<group>";
		};
		79F1FBA824351E9200895AF6 /* View Controllers */ = {
			isa = PBXGroup;
			children = (
				79F1FBA924351EAF00895AF6 /* MainViewController.swift */,
			);
			path = "View Controllers";
			sourceTree = "<group>";
		};
		79F1FBAB24351EDF00895AF6 /* User Interfaces */ = {
			isa = PBXGroup;
			children = (
				79F1FBAC24351EFE00895AF6 /* MainRootView.swift */,
			);
			path = "User Interfaces";
			sourceTree = "<group>";
		};
/* End PBXGroup section */

/* Begin PBXHeadersBuildPhase section */
		79F1FB5D24351DF900895AF6 /* Headers */ = {
			isa = PBXHeadersBuildPhase;
			buildActionMask = 2147483647;
			files = (
				79F1FB7424351DF900895AF6 /* ShinnyWaffleUIKit.h in Headers */,
			);
			runOnlyForDeploymentPostprocessing = 0;
		};
		79F1FB8624351E7100895AF6 /* Headers */ = {
			isa = PBXHeadersBuildPhase;
			buildActionMask = 2147483647;
			files = (
				79F1FB9D24351E7100895AF6 /* ShinnyWaffle_iOS.h in Headers */,
			);
			runOnlyForDeploymentPostprocessing = 0;
		};
/* End PBXHeadersBuildPhase section */

/* Begin PBXNativeTarget section */
		79F1FAE924351C0600895AF6 /* ShinnyWaffle */ = {
			isa = PBXNativeTarget;
			buildConfigurationList = 79F1FB0924351C0800895AF6 /* Build configuration list for PBXNativeTarget "ShinnyWaffle" */;
			buildPhases = (
				79F1FAE624351C0600895AF6 /* Sources */,
				79F1FAE724351C0600895AF6 /* Frameworks */,
				79F1FAE824351C0600895AF6 /* Resources */,
				79F1FB7924351DF900895AF6 /* Embed Frameworks */,
			);
			buildRules = (
			);
			dependencies = (
				79F1FB7624351DF900895AF6 /* PBXTargetDependency */,
				79F1FB9F24351E7100895AF6 /* PBXTargetDependency */,
			);
			name = ShinnyWaffle;
			productName = ShinnyWaffle;
			productReference = 79F1FAEA24351C0600895AF6 /* ShinnyWaffle.app */;
			productType = "com.apple.product-type.application";
		};
		79F1FAFF24351C0800895AF6 /* ShinnyWaffleTests */ = {
			isa = PBXNativeTarget;
			buildConfigurationList = 79F1FB0C24351C0800895AF6 /* Build configuration list for PBXNativeTarget "ShinnyWaffleTests" */;
			buildPhases = (
				79F1FAFC24351C0800895AF6 /* Sources */,
				79F1FAFD24351C0800895AF6 /* Frameworks */,
				79F1FAFE24351C0800895AF6 /* Resources */,
			);
			buildRules = (
			);
			dependencies = (
				79F1FB0224351C0800895AF6 /* PBXTargetDependency */,
			);
			name = ShinnyWaffleTests;
			productName = ShinnyWaffleTests;
			productReference = 79F1FB0024351C0800895AF6 /* ShinnyWaffleTests.xctest */;
			productType = "com.apple.product-type.bundle.unit-test";
		};
		79F1FB6124351DF900895AF6 /* ShinnyWaffleUIKit */ = {
			isa = PBXNativeTarget;
			buildConfigurationList = 79F1FB7E24351DF900895AF6 /* Build configuration list for PBXNativeTarget "ShinnyWaffleUIKit" */;
			buildPhases = (
				79F1FB5D24351DF900895AF6 /* Headers */,
				79F1FB5E24351DF900895AF6 /* Sources */,
				79F1FB5F24351DF900895AF6 /* Frameworks */,
				79F1FB6024351DF900895AF6 /* Resources */,
			);
			buildRules = (
			);
			dependencies = (
			);
			name = ShinnyWaffleUIKit;
			productName = ShinnyWaffleUIKit;
			productReference = 79F1FB6224351DF900895AF6 /* ShinnyWaffleUIKit.framework */;
			productType = "com.apple.product-type.framework";
		};
		79F1FB6924351DF900895AF6 /* ShinnyWaffleUIKitTests */ = {
			isa = PBXNativeTarget;
			buildConfigurationList = 79F1FB7F24351DF900895AF6 /* Build configuration list for PBXNativeTarget "ShinnyWaffleUIKitTests" */;
			buildPhases = (
				79F1FB6624351DF900895AF6 /* Sources */,
				79F1FB6724351DF900895AF6 /* Frameworks */,
				79F1FB6824351DF900895AF6 /* Resources */,
			);
			buildRules = (
			);
			dependencies = (
				79F1FB6D24351DF900895AF6 /* PBXTargetDependency */,
				79F1FB6F24351DF900895AF6 /* PBXTargetDependency */,
			);
			name = ShinnyWaffleUIKitTests;
			productName = ShinnyWaffleUIKitTests;
			productReference = 79F1FB6A24351DF900895AF6 /* ShinnyWaffleUIKitTests.xctest */;
			productType = "com.apple.product-type.bundle.unit-test";
		};
		79F1FB8A24351E7100895AF6 /* ShinnyWaffle_iOS */ = {
			isa = PBXNativeTarget;
			buildConfigurationList = 79F1FBA224351E7100895AF6 /* Build configuration list for PBXNativeTarget "ShinnyWaffle_iOS" */;
			buildPhases = (
				79F1FB8624351E7100895AF6 /* Headers */,
				79F1FB8724351E7100895AF6 /* Sources */,
				79F1FB8824351E7100895AF6 /* Frameworks */,
				79F1FB8924351E7100895AF6 /* Resources */,
			);
			buildRules = (
			);
			dependencies = (
			);
			name = ShinnyWaffle_iOS;
			productName = ShinnyWaffle_iOS;
			productReference = 79F1FB8B24351E7100895AF6 /* ShinnyWaffle_iOS.framework */;
			productType = "com.apple.product-type.framework";
		};
		79F1FB9224351E7100895AF6 /* ShinnyWaffle_iOSTests */ = {
			isa = PBXNativeTarget;
			buildConfigurationList = 79F1FBA524351E7100895AF6 /* Build configuration list for PBXNativeTarget "ShinnyWaffle_iOSTests" */;
			buildPhases = (
				79F1FB8F24351E7100895AF6 /* Sources */,
				79F1FB9024351E7100895AF6 /* Frameworks */,
				79F1FB9124351E7100895AF6 /* Resources */,
			);
			buildRules = (
			);
			dependencies = (
				79F1FB9624351E7100895AF6 /* PBXTargetDependency */,
				79F1FB9824351E7100895AF6 /* PBXTargetDependency */,
			);
			name = ShinnyWaffle_iOSTests;
			productName = ShinnyWaffle_iOSTests;
			productReference = 79F1FB9324351E7100895AF6 /* ShinnyWaffle_iOSTests.xctest */;
			productType = "com.apple.product-type.bundle.unit-test";
		};
/* End PBXNativeTarget section */

/* Begin PBXProject section */
		79F1FAE224351C0600895AF6 /* Project object */ = {
			isa = PBXProject;
			attributes = {
				LastSwiftUpdateCheck = 1140;
				LastUpgradeCheck = 1140;
				ORGANIZATIONNAME = "Ariel Rodriguez";
				TargetAttributes = {
					79F1FAE924351C0600895AF6 = {
						CreatedOnToolsVersion = 11.4;
					};
					79F1FAFF24351C0800895AF6 = {
						CreatedOnToolsVersion = 11.4;
						TestTargetID = 79F1FAE924351C0600895AF6;
					};
					79F1FB6124351DF900895AF6 = {
						CreatedOnToolsVersion = 11.4;
						LastSwiftMigration = 1140;
					};
					79F1FB6924351DF900895AF6 = {
						CreatedOnToolsVersion = 11.4;
						TestTargetID = 79F1FAE924351C0600895AF6;
					};
					79F1FB8A24351E7100895AF6 = {
						CreatedOnToolsVersion = 11.4;
						LastSwiftMigration = 1140;
					};
					79F1FB9224351E7100895AF6 = {
						CreatedOnToolsVersion = 11.4;
						TestTargetID = 79F1FAE924351C0600895AF6;
					};
				};
			};
			buildConfigurationList = 79F1FAE524351C0600895AF6 /* Build configuration list for PBXProject "ShinnyWaffle" */;
			compatibilityVersion = "Xcode 9.3";
			developmentRegion = en;
			hasScannedForEncodings = 0;
			knownRegions = (
				en,
				Base,
			);
			mainGroup = 79F1FAE124351C0600895AF6;
			productRefGroup = 79F1FAEB24351C0600895AF6 /* Products */;
			projectDirPath = "";
			projectRoot = "";
			targets = (
				79F1FAE924351C0600895AF6 /* ShinnyWaffle */,
				79F1FAFF24351C0800895AF6 /* ShinnyWaffleTests */,
				79F1FB6124351DF900895AF6 /* ShinnyWaffleUIKit */,
				79F1FB6924351DF900895AF6 /* ShinnyWaffleUIKitTests */,
				79F1FB8A24351E7100895AF6 /* ShinnyWaffle_iOS */,
				79F1FB9224351E7100895AF6 /* ShinnyWaffle_iOSTests */,
			);
		};
/* End PBXProject section */

/* Begin PBXResourcesBuildPhase section */
		79F1FAE824351C0600895AF6 /* Resources */ = {
			isa = PBXResourcesBuildPhase;
			buildActionMask = 2147483647;
			files = (
				79F1FAFA24351C0700895AF6 /* LaunchScreen.storyboard in Resources */,
				79F1FAF724351C0700895AF6 /* Assets.xcassets in Resources */,
			);
			runOnlyForDeploymentPostprocessing = 0;
		};
		79F1FAFE24351C0800895AF6 /* Resources */ = {
			isa = PBXResourcesBuildPhase;
			buildActionMask = 2147483647;
			files = (
			);
			runOnlyForDeploymentPostprocessing = 0;
		};
		79F1FB6024351DF900895AF6 /* Resources */ = {
			isa = PBXResourcesBuildPhase;
			buildActionMask = 2147483647;
			files = (
			);
			runOnlyForDeploymentPostprocessing = 0;
		};
		79F1FB6824351DF900895AF6 /* Resources */ = {
			isa = PBXResourcesBuildPhase;
			buildActionMask = 2147483647;
			files = (
			);
			runOnlyForDeploymentPostprocessing = 0;
		};
		79F1FB8924351E7100895AF6 /* Resources */ = {
			isa = PBXResourcesBuildPhase;
			buildActionMask = 2147483647;
			files = (
			);
			runOnlyForDeploymentPostprocessing = 0;
		};
		79F1FB9124351E7100895AF6 /* Resources */ = {
			isa = PBXResourcesBuildPhase;
			buildActionMask = 2147483647;
			files = (
			);
			runOnlyForDeploymentPostprocessing = 0;
		};
/* End PBXResourcesBuildPhase section */

/* Begin PBXSourcesBuildPhase section */
		79F1FAE624351C0600895AF6 /* Sources */ = {
			isa = PBXSourcesBuildPhase;
			buildActionMask = 2147483647;
			files = (
				79F1FAEE24351C0600895AF6 /* AppDelegate.swift in Sources */,
			);
			runOnlyForDeploymentPostprocessing = 0;
		};
		79F1FAFC24351C0800895AF6 /* Sources */ = {
			isa = PBXSourcesBuildPhase;
			buildActionMask = 2147483647;
			files = (
				79F1FB0524351C0800895AF6 /* ShinnyWaffleTests.swift in Sources */,
			);
			runOnlyForDeploymentPostprocessing = 0;
		};
		79F1FB5E24351DF900895AF6 /* Sources */ = {
			isa = PBXSourcesBuildPhase;
			buildActionMask = 2147483647;
			files = (
				79F1FBB5243529D000895AF6 /* NiblessNavigationController.swift in Sources */,
				79F1FB8324351E3500895AF6 /* NiblessViewController.swift in Sources */,
				79F1FB8524351E4E00895AF6 /* NiblessView.swift in Sources */,
			);
			runOnlyForDeploymentPostprocessing = 0;
		};
		79F1FB6624351DF900895AF6 /* Sources */ = {
			isa = PBXSourcesBuildPhase;
			buildActionMask = 2147483647;
			files = (
				79F1FB7224351DF900895AF6 /* ShinnyWaffleUIKitTests.swift in Sources */,
			);
			runOnlyForDeploymentPostprocessing = 0;
		};
		79F1FB8724351E7100895AF6 /* Sources */ = {
			isa = PBXSourcesBuildPhase;
			buildActionMask = 2147483647;
			files = (
				79F1FBAA24351EAF00895AF6 /* MainViewController.swift in Sources */,
				79F1FBAF24351FA500895AF6 /* AppDependencyContainer.swift in Sources */,
				79F1FBAD24351EFE00895AF6 /* MainRootView.swift in Sources */,
			);
			runOnlyForDeploymentPostprocessing = 0;
		};
		79F1FB8F24351E7100895AF6 /* Sources */ = {
			isa = PBXSourcesBuildPhase;
			buildActionMask = 2147483647;
			files = (
				79F1FB9B24351E7100895AF6 /* ShinnyWaffle_iOSTests.swift in Sources */,
			);
			runOnlyForDeploymentPostprocessing = 0;
		};
/* End PBXSourcesBuildPhase section */

/* Begin PBXTargetDependency section */
		79F1FB0224351C0800895AF6 /* PBXTargetDependency */ = {
			isa = PBXTargetDependency;
			target = 79F1FAE924351C0600895AF6 /* ShinnyWaffle */;
			targetProxy = 79F1FB0124351C0800895AF6 /* PBXContainerItemProxy */;
		};
		79F1FB6D24351DF900895AF6 /* PBXTargetDependency */ = {
			isa = PBXTargetDependency;
			target = 79F1FB6124351DF900895AF6 /* ShinnyWaffleUIKit */;
			targetProxy = 79F1FB6C24351DF900895AF6 /* PBXContainerItemProxy */;
		};
		79F1FB6F24351DF900895AF6 /* PBXTargetDependency */ = {
			isa = PBXTargetDependency;
			target = 79F1FAE924351C0600895AF6 /* ShinnyWaffle */;
			targetProxy = 79F1FB6E24351DF900895AF6 /* PBXContainerItemProxy */;
		};
		79F1FB7624351DF900895AF6 /* PBXTargetDependency */ = {
			isa = PBXTargetDependency;
			target = 79F1FB6124351DF900895AF6 /* ShinnyWaffleUIKit */;
			targetProxy = 79F1FB7524351DF900895AF6 /* PBXContainerItemProxy */;
		};
		79F1FB9624351E7100895AF6 /* PBXTargetDependency */ = {
			isa = PBXTargetDependency;
			target = 79F1FB8A24351E7100895AF6 /* ShinnyWaffle_iOS */;
			targetProxy = 79F1FB9524351E7100895AF6 /* PBXContainerItemProxy */;
		};
		79F1FB9824351E7100895AF6 /* PBXTargetDependency */ = {
			isa = PBXTargetDependency;
			target = 79F1FAE924351C0600895AF6 /* ShinnyWaffle */;
			targetProxy = 79F1FB9724351E7100895AF6 /* PBXContainerItemProxy */;
		};
		79F1FB9F24351E7100895AF6 /* PBXTargetDependency */ = {
			isa = PBXTargetDependency;
			target = 79F1FB8A24351E7100895AF6 /* ShinnyWaffle_iOS */;
			targetProxy = 79F1FB9E24351E7100895AF6 /* PBXContainerItemProxy */;
		};
/* End PBXTargetDependency section */

/* Begin PBXVariantGroup section */
		79F1FAF824351C0700895AF6 /* LaunchScreen.storyboard */ = {
			isa = PBXVariantGroup;
			children = (
				79F1FAF924351C0700895AF6 /* Base */,
			);
			name = LaunchScreen.storyboard;
			sourceTree = "<group>";
		};
/* End PBXVariantGroup section */

/* Begin XCBuildConfiguration section */
		79F1FB0724351C0800895AF6 /* Debug */ = {
			isa = XCBuildConfiguration;
			buildSettings = {
				ALWAYS_SEARCH_USER_PATHS = NO;
				CLANG_ANALYZER_NONNULL = YES;
				CLANG_ANALYZER_NUMBER_OBJECT_CONVERSION = YES_AGGRESSIVE;
				CLANG_CXX_LANGUAGE_STANDARD = "gnu++14";
				CLANG_CXX_LIBRARY = "libc++";
				CLANG_ENABLE_MODULES = YES;
				CLANG_ENABLE_OBJC_ARC = YES;
				CLANG_ENABLE_OBJC_WEAK = YES;
				CLANG_WARN_BLOCK_CAPTURE_AUTORELEASING = YES;
				CLANG_WARN_BOOL_CONVERSION = YES;
				CLANG_WARN_COMMA = YES;
				CLANG_WARN_CONSTANT_CONVERSION = YES;
				CLANG_WARN_DEPRECATED_OBJC_IMPLEMENTATIONS = YES;
				CLANG_WARN_DIRECT_OBJC_ISA_USAGE = YES_ERROR;
				CLANG_WARN_DOCUMENTATION_COMMENTS = YES;
				CLANG_WARN_EMPTY_BODY = YES;
				CLANG_WARN_ENUM_CONVERSION = YES;
				CLANG_WARN_INFINITE_RECURSION = YES;
				CLANG_WARN_INT_CONVERSION = YES;
				CLANG_WARN_NON_LITERAL_NULL_CONVERSION = YES;
				CLANG_WARN_OBJC_IMPLICIT_RETAIN_SELF = YES;
				CLANG_WARN_OBJC_LITERAL_CONVERSION = YES;
				CLANG_WARN_OBJC_ROOT_CLASS = YES_ERROR;
				CLANG_WARN_RANGE_LOOP_ANALYSIS = YES;
				CLANG_WARN_STRICT_PROTOTYPES = YES;
				CLANG_WARN_SUSPICIOUS_MOVE = YES;
				CLANG_WARN_UNGUARDED_AVAILABILITY = YES_AGGRESSIVE;
				CLANG_WARN_UNREACHABLE_CODE = YES;
				CLANG_WARN__DUPLICATE_METHOD_MATCH = YES;
				COPY_PHASE_STRIP = NO;
				DEBUG_INFORMATION_FORMAT = dwarf;
				ENABLE_STRICT_OBJC_MSGSEND = YES;
				ENABLE_TESTABILITY = YES;
				GCC_C_LANGUAGE_STANDARD = gnu11;
				GCC_DYNAMIC_NO_PIC = NO;
				GCC_NO_COMMON_BLOCKS = YES;
				GCC_OPTIMIZATION_LEVEL = 0;
				GCC_PREPROCESSOR_DEFINITIONS = (
					"DEBUG=1",
					"$(inherited)",
				);
				GCC_WARN_64_TO_32_BIT_CONVERSION = YES;
				GCC_WARN_ABOUT_RETURN_TYPE = YES_ERROR;
				GCC_WARN_UNDECLARED_SELECTOR = YES;
				GCC_WARN_UNINITIALIZED_AUTOS = YES_AGGRESSIVE;
				GCC_WARN_UNUSED_FUNCTION = YES;
				GCC_WARN_UNUSED_VARIABLE = YES;
				IPHONEOS_DEPLOYMENT_TARGET = 13.4;
				MTL_ENABLE_DEBUG_INFO = INCLUDE_SOURCE;
				MTL_FAST_MATH = YES;
				ONLY_ACTIVE_ARCH = YES;
				SDKROOT = iphoneos;
				SWIFT_ACTIVE_COMPILATION_CONDITIONS = DEBUG;
				SWIFT_OPTIMIZATION_LEVEL = "-Onone";
			};
			name = Debug;
		};
		79F1FB0824351C0800895AF6 /* Release */ = {
			isa = XCBuildConfiguration;
			buildSettings = {
				ALWAYS_SEARCH_USER_PATHS = NO;
				CLANG_ANALYZER_NONNULL = YES;
				CLANG_ANALYZER_NUMBER_OBJECT_CONVERSION = YES_AGGRESSIVE;
				CLANG_CXX_LANGUAGE_STANDARD = "gnu++14";
				CLANG_CXX_LIBRARY = "libc++";
				CLANG_ENABLE_MODULES = YES;
				CLANG_ENABLE_OBJC_ARC = YES;
				CLANG_ENABLE_OBJC_WEAK = YES;
				CLANG_WARN_BLOCK_CAPTURE_AUTORELEASING = YES;
				CLANG_WARN_BOOL_CONVERSION = YES;
				CLANG_WARN_COMMA = YES;
				CLANG_WARN_CONSTANT_CONVERSION = YES;
				CLANG_WARN_DEPRECATED_OBJC_IMPLEMENTATIONS = YES;
				CLANG_WARN_DIRECT_OBJC_ISA_USAGE = YES_ERROR;
				CLANG_WARN_DOCUMENTATION_COMMENTS = YES;
				CLANG_WARN_EMPTY_BODY = YES;
				CLANG_WARN_ENUM_CONVERSION = YES;
				CLANG_WARN_INFINITE_RECURSION = YES;
				CLANG_WARN_INT_CONVERSION = YES;
				CLANG_WARN_NON_LITERAL_NULL_CONVERSION = YES;
				CLANG_WARN_OBJC_IMPLICIT_RETAIN_SELF = YES;
				CLANG_WARN_OBJC_LITERAL_CONVERSION = YES;
				CLANG_WARN_OBJC_ROOT_CLASS = YES_ERROR;
				CLANG_WARN_RANGE_LOOP_ANALYSIS = YES;
				CLANG_WARN_STRICT_PROTOTYPES = YES;
				CLANG_WARN_SUSPICIOUS_MOVE = YES;
				CLANG_WARN_UNGUARDED_AVAILABILITY = YES_AGGRESSIVE;
				CLANG_WARN_UNREACHABLE_CODE = YES;
				CLANG_WARN__DUPLICATE_METHOD_MATCH = YES;
				COPY_PHASE_STRIP = NO;
				DEBUG_INFORMATION_FORMAT = "dwarf-with-dsym";
				ENABLE_NS_ASSERTIONS = NO;
				ENABLE_STRICT_OBJC_MSGSEND = YES;
				GCC_C_LANGUAGE_STANDARD = gnu11;
				GCC_NO_COMMON_BLOCKS = YES;
				GCC_WARN_64_TO_32_BIT_CONVERSION = YES;
				GCC_WARN_ABOUT_RETURN_TYPE = YES_ERROR;
				GCC_WARN_UNDECLARED_SELECTOR = YES;
				GCC_WARN_UNINITIALIZED_AUTOS = YES_AGGRESSIVE;
				GCC_WARN_UNUSED_FUNCTION = YES;
				GCC_WARN_UNUSED_VARIABLE = YES;
				IPHONEOS_DEPLOYMENT_TARGET = 13.4;
				MTL_ENABLE_DEBUG_INFO = NO;
				MTL_FAST_MATH = YES;
				SDKROOT = iphoneos;
				SWIFT_COMPILATION_MODE = wholemodule;
				SWIFT_OPTIMIZATION_LEVEL = "-O";
				VALIDATE_PRODUCT = YES;
			};
			name = Release;
		};
		79F1FB0A24351C0800895AF6 /* Debug */ = {
			isa = XCBuildConfiguration;
			buildSettings = {
				ALWAYS_EMBED_SWIFT_STANDARD_LIBRARIES = YES;
				ASSETCATALOG_COMPILER_APPICON_NAME = AppIcon;
				CODE_SIGN_STYLE = Automatic;
				DEVELOPMENT_TEAM = 8N376JP4MK;
				INFOPLIST_FILE = ShinnyWaffle/Info.plist;
				LD_RUNPATH_SEARCH_PATHS = (
					"$(inherited)",
					"@executable_path/Frameworks",
				);
				PRODUCT_BUNDLE_IDENTIFIER = Volonbolon.ShinnyWaffle;
				PRODUCT_NAME = "$(TARGET_NAME)";
				SWIFT_VERSION = 5.0;
				TARGETED_DEVICE_FAMILY = "1,2";
			};
			name = Debug;
		};
		79F1FB0B24351C0800895AF6 /* Release */ = {
			isa = XCBuildConfiguration;
			buildSettings = {
				ALWAYS_EMBED_SWIFT_STANDARD_LIBRARIES = YES;
				ASSETCATALOG_COMPILER_APPICON_NAME = AppIcon;
				CODE_SIGN_STYLE = Automatic;
				DEVELOPMENT_TEAM = 8N376JP4MK;
				INFOPLIST_FILE = ShinnyWaffle/Info.plist;
				LD_RUNPATH_SEARCH_PATHS = (
					"$(inherited)",
					"@executable_path/Frameworks",
				);
				PRODUCT_BUNDLE_IDENTIFIER = Volonbolon.ShinnyWaffle;
				PRODUCT_NAME = "$(TARGET_NAME)";
				SWIFT_VERSION = 5.0;
				TARGETED_DEVICE_FAMILY = "1,2";
			};
			name = Release;
		};
		79F1FB0D24351C0800895AF6 /* Debug */ = {
			isa = XCBuildConfiguration;
			buildSettings = {
				ALWAYS_EMBED_SWIFT_STANDARD_LIBRARIES = YES;
				BUNDLE_LOADER = "$(TEST_HOST)";
				CODE_SIGN_STYLE = Automatic;
				DEVELOPMENT_TEAM = 8N376JP4MK;
				INFOPLIST_FILE = ShinnyWaffleTests/Info.plist;
				IPHONEOS_DEPLOYMENT_TARGET = 13.4;
				LD_RUNPATH_SEARCH_PATHS = (
					"$(inherited)",
					"@executable_path/Frameworks",
					"@loader_path/Frameworks",
				);
				PRODUCT_BUNDLE_IDENTIFIER = Volonbolon.ShinnyWaffleTests;
				PRODUCT_NAME = "$(TARGET_NAME)";
				SWIFT_VERSION = 5.0;
				TARGETED_DEVICE_FAMILY = "1,2";
				TEST_HOST = "$(BUILT_PRODUCTS_DIR)/ShinnyWaffle.app/ShinnyWaffle";
			};
			name = Debug;
		};
		79F1FB0E24351C0800895AF6 /* Release */ = {
			isa = XCBuildConfiguration;
			buildSettings = {
				ALWAYS_EMBED_SWIFT_STANDARD_LIBRARIES = YES;
				BUNDLE_LOADER = "$(TEST_HOST)";
				CODE_SIGN_STYLE = Automatic;
				DEVELOPMENT_TEAM = 8N376JP4MK;
				INFOPLIST_FILE = ShinnyWaffleTests/Info.plist;
				IPHONEOS_DEPLOYMENT_TARGET = 13.4;
				LD_RUNPATH_SEARCH_PATHS = (
					"$(inherited)",
					"@executable_path/Frameworks",
					"@loader_path/Frameworks",
				);
				PRODUCT_BUNDLE_IDENTIFIER = Volonbolon.ShinnyWaffleTests;
				PRODUCT_NAME = "$(TARGET_NAME)";
				SWIFT_VERSION = 5.0;
				TARGETED_DEVICE_FAMILY = "1,2";
				TEST_HOST = "$(BUILT_PRODUCTS_DIR)/ShinnyWaffle.app/ShinnyWaffle";
			};
			name = Release;
		};
		79F1FB7A24351DF900895AF6 /* Debug */ = {
			isa = XCBuildConfiguration;
			buildSettings = {
				CLANG_ENABLE_MODULES = YES;
				CODE_SIGN_STYLE = Automatic;
				CURRENT_PROJECT_VERSION = 1;
				DEFINES_MODULE = YES;
				DEVELOPMENT_TEAM = 8N376JP4MK;
				DYLIB_COMPATIBILITY_VERSION = 1;
				DYLIB_CURRENT_VERSION = 1;
				DYLIB_INSTALL_NAME_BASE = "@rpath";
				INFOPLIST_FILE = ShinnyWaffleUIKit/Info.plist;
				INSTALL_PATH = "$(LOCAL_LIBRARY_DIR)/Frameworks";
				LD_RUNPATH_SEARCH_PATHS = (
					"$(inherited)",
					"@executable_path/Frameworks",
					"@loader_path/Frameworks",
				);
				PRODUCT_BUNDLE_IDENTIFIER = Volonbolon.ShinnyWaffleUIKit;
				PRODUCT_NAME = "$(TARGET_NAME:c99extidentifier)";
				SKIP_INSTALL = YES;
				SWIFT_OPTIMIZATION_LEVEL = "-Onone";
				SWIFT_VERSION = 5.0;
				TARGETED_DEVICE_FAMILY = "1,2";
				VERSIONING_SYSTEM = "apple-generic";
				VERSION_INFO_PREFIX = "";
			};
			name = Debug;
		};
		79F1FB7B24351DF900895AF6 /* Release */ = {
			isa = XCBuildConfiguration;
			buildSettings = {
				CLANG_ENABLE_MODULES = YES;
				CODE_SIGN_STYLE = Automatic;
				CURRENT_PROJECT_VERSION = 1;
				DEFINES_MODULE = YES;
				DEVELOPMENT_TEAM = 8N376JP4MK;
				DYLIB_COMPATIBILITY_VERSION = 1;
				DYLIB_CURRENT_VERSION = 1;
				DYLIB_INSTALL_NAME_BASE = "@rpath";
				INFOPLIST_FILE = ShinnyWaffleUIKit/Info.plist;
				INSTALL_PATH = "$(LOCAL_LIBRARY_DIR)/Frameworks";
				LD_RUNPATH_SEARCH_PATHS = (
					"$(inherited)",
					"@executable_path/Frameworks",
					"@loader_path/Frameworks",
				);
				PRODUCT_BUNDLE_IDENTIFIER = Volonbolon.ShinnyWaffleUIKit;
				PRODUCT_NAME = "$(TARGET_NAME:c99extidentifier)";
				SKIP_INSTALL = YES;
				SWIFT_VERSION = 5.0;
				TARGETED_DEVICE_FAMILY = "1,2";
				VERSIONING_SYSTEM = "apple-generic";
				VERSION_INFO_PREFIX = "";
			};
			name = Release;
		};
		79F1FB7C24351DF900895AF6 /* Debug */ = {
			isa = XCBuildConfiguration;
			buildSettings = {
				ALWAYS_EMBED_SWIFT_STANDARD_LIBRARIES = YES;
				CODE_SIGN_STYLE = Automatic;
				DEVELOPMENT_TEAM = 8N376JP4MK;
				INFOPLIST_FILE = ShinnyWaffleUIKitTests/Info.plist;
				LD_RUNPATH_SEARCH_PATHS = (
					"$(inherited)",
					"@executable_path/Frameworks",
					"@loader_path/Frameworks",
				);
				PRODUCT_BUNDLE_IDENTIFIER = Volonbolon.ShinnyWaffleUIKitTests;
				PRODUCT_NAME = "$(TARGET_NAME)";
				SWIFT_VERSION = 5.0;
				TARGETED_DEVICE_FAMILY = "1,2";
				TEST_HOST = "$(BUILT_PRODUCTS_DIR)/ShinnyWaffle.app/ShinnyWaffle";
			};
			name = Debug;
		};
		79F1FB7D24351DF900895AF6 /* Release */ = {
			isa = XCBuildConfiguration;
			buildSettings = {
				ALWAYS_EMBED_SWIFT_STANDARD_LIBRARIES = YES;
				CODE_SIGN_STYLE = Automatic;
				DEVELOPMENT_TEAM = 8N376JP4MK;
				INFOPLIST_FILE = ShinnyWaffleUIKitTests/Info.plist;
				LD_RUNPATH_SEARCH_PATHS = (
					"$(inherited)",
					"@executable_path/Frameworks",
					"@loader_path/Frameworks",
				);
				PRODUCT_BUNDLE_IDENTIFIER = Volonbolon.ShinnyWaffleUIKitTests;
				PRODUCT_NAME = "$(TARGET_NAME)";
				SWIFT_VERSION = 5.0;
				TARGETED_DEVICE_FAMILY = "1,2";
				TEST_HOST = "$(BUILT_PRODUCTS_DIR)/ShinnyWaffle.app/ShinnyWaffle";
			};
			name = Release;
		};
		79F1FBA324351E7100895AF6 /* Debug */ = {
			isa = XCBuildConfiguration;
			buildSettings = {
				CLANG_ENABLE_MODULES = YES;
				CODE_SIGN_STYLE = Automatic;
				CURRENT_PROJECT_VERSION = 1;
				DEFINES_MODULE = YES;
				DEVELOPMENT_TEAM = 8N376JP4MK;
				DYLIB_COMPATIBILITY_VERSION = 1;
				DYLIB_CURRENT_VERSION = 1;
				DYLIB_INSTALL_NAME_BASE = "@rpath";
				INFOPLIST_FILE = ShinnyWaffle_iOS/Info.plist;
				INSTALL_PATH = "$(LOCAL_LIBRARY_DIR)/Frameworks";
				LD_RUNPATH_SEARCH_PATHS = (
					"$(inherited)",
					"@executable_path/Frameworks",
					"@loader_path/Frameworks",
				);
				PRODUCT_BUNDLE_IDENTIFIER = "Volonbolon.ShinnyWaffle-iOS";
				PRODUCT_NAME = "$(TARGET_NAME:c99extidentifier)";
				SKIP_INSTALL = YES;
				SWIFT_OPTIMIZATION_LEVEL = "-Onone";
				SWIFT_VERSION = 5.0;
				TARGETED_DEVICE_FAMILY = "1,2";
				VERSIONING_SYSTEM = "apple-generic";
				VERSION_INFO_PREFIX = "";
			};
			name = Debug;
		};
		79F1FBA424351E7100895AF6 /* Release */ = {
			isa = XCBuildConfiguration;
			buildSettings = {
				CLANG_ENABLE_MODULES = YES;
				CODE_SIGN_STYLE = Automatic;
				CURRENT_PROJECT_VERSION = 1;
				DEFINES_MODULE = YES;
				DEVELOPMENT_TEAM = 8N376JP4MK;
				DYLIB_COMPATIBILITY_VERSION = 1;
				DYLIB_CURRENT_VERSION = 1;
				DYLIB_INSTALL_NAME_BASE = "@rpath";
				INFOPLIST_FILE = ShinnyWaffle_iOS/Info.plist;
				INSTALL_PATH = "$(LOCAL_LIBRARY_DIR)/Frameworks";
				LD_RUNPATH_SEARCH_PATHS = (
					"$(inherited)",
					"@executable_path/Frameworks",
					"@loader_path/Frameworks",
				);
				PRODUCT_BUNDLE_IDENTIFIER = "Volonbolon.ShinnyWaffle-iOS";
				PRODUCT_NAME = "$(TARGET_NAME:c99extidentifier)";
				SKIP_INSTALL = YES;
				SWIFT_VERSION = 5.0;
				TARGETED_DEVICE_FAMILY = "1,2";
				VERSIONING_SYSTEM = "apple-generic";
				VERSION_INFO_PREFIX = "";
			};
			name = Release;
		};
		79F1FBA624351E7100895AF6 /* Debug */ = {
			isa = XCBuildConfiguration;
			buildSettings = {
				ALWAYS_EMBED_SWIFT_STANDARD_LIBRARIES = YES;
				CODE_SIGN_STYLE = Automatic;
				DEVELOPMENT_TEAM = 8N376JP4MK;
				INFOPLIST_FILE = ShinnyWaffle_iOSTests/Info.plist;
				LD_RUNPATH_SEARCH_PATHS = (
					"$(inherited)",
					"@executable_path/Frameworks",
					"@loader_path/Frameworks",
				);
				PRODUCT_BUNDLE_IDENTIFIER = "Volonbolon.ShinnyWaffle-iOSTests";
				PRODUCT_NAME = "$(TARGET_NAME)";
				SWIFT_VERSION = 5.0;
				TARGETED_DEVICE_FAMILY = "1,2";
				TEST_HOST = "$(BUILT_PRODUCTS_DIR)/ShinnyWaffle.app/ShinnyWaffle";
			};
			name = Debug;
		};
		79F1FBA724351E7100895AF6 /* Release */ = {
			isa = XCBuildConfiguration;
			buildSettings = {
				ALWAYS_EMBED_SWIFT_STANDARD_LIBRARIES = YES;
				CODE_SIGN_STYLE = Automatic;
				DEVELOPMENT_TEAM = 8N376JP4MK;
				INFOPLIST_FILE = ShinnyWaffle_iOSTests/Info.plist;
				LD_RUNPATH_SEARCH_PATHS = (
					"$(inherited)",
					"@executable_path/Frameworks",
					"@loader_path/Frameworks",
				);
				PRODUCT_BUNDLE_IDENTIFIER = "Volonbolon.ShinnyWaffle-iOSTests";
				PRODUCT_NAME = "$(TARGET_NAME)";
				SWIFT_VERSION = 5.0;
				TARGETED_DEVICE_FAMILY = "1,2";
				TEST_HOST = "$(BUILT_PRODUCTS_DIR)/ShinnyWaffle.app/ShinnyWaffle";
			};
			name = Release;
		};
/* End XCBuildConfiguration section */

/* Begin XCConfigurationList section */
		79F1FAE524351C0600895AF6 /* Build configuration list for PBXProject "ShinnyWaffle" */ = {
			isa = XCConfigurationList;
			buildConfigurations = (
				79F1FB0724351C0800895AF6 /* Debug */,
				79F1FB0824351C0800895AF6 /* Release */,
			);
			defaultConfigurationIsVisible = 0;
			defaultConfigurationName = Release;
		};
		79F1FB0924351C0800895AF6 /* Build configuration list for PBXNativeTarget "ShinnyWaffle" */ = {
			isa = XCConfigurationList;
			buildConfigurations = (
				79F1FB0A24351C0800895AF6 /* Debug */,
				79F1FB0B24351C0800895AF6 /* Release */,
			);
			defaultConfigurationIsVisible = 0;
			defaultConfigurationName = Release;
		};
		79F1FB0C24351C0800895AF6 /* Build configuration list for PBXNativeTarget "ShinnyWaffleTests" */ = {
			isa = XCConfigurationList;
			buildConfigurations = (
				79F1FB0D24351C0800895AF6 /* Debug */,
				79F1FB0E24351C0800895AF6 /* Release */,
			);
			defaultConfigurationIsVisible = 0;
			defaultConfigurationName = Release;
		};
		79F1FB7E24351DF900895AF6 /* Build configuration list for PBXNativeTarget "ShinnyWaffleUIKit" */ = {
			isa = XCConfigurationList;
			buildConfigurations = (
				79F1FB7A24351DF900895AF6 /* Debug */,
				79F1FB7B24351DF900895AF6 /* Release */,
			);
			defaultConfigurationIsVisible = 0;
			defaultConfigurationName = Release;
		};
		79F1FB7F24351DF900895AF6 /* Build configuration list for PBXNativeTarget "ShinnyWaffleUIKitTests" */ = {
			isa = XCConfigurationList;
			buildConfigurations = (
				79F1FB7C24351DF900895AF6 /* Debug */,
				79F1FB7D24351DF900895AF6 /* Release */,
			);
			defaultConfigurationIsVisible = 0;
			defaultConfigurationName = Release;
		};
		79F1FBA224351E7100895AF6 /* Build configuration list for PBXNativeTarget "ShinnyWaffle_iOS" */ = {
			isa = XCConfigurationList;
			buildConfigurations = (
				79F1FBA324351E7100895AF6 /* Debug */,
				79F1FBA424351E7100895AF6 /* Release */,
			);
			defaultConfigurationIsVisible = 0;
			defaultConfigurationName = Release;
		};
		79F1FBA524351E7100895AF6 /* Build configuration list for PBXNativeTarget "ShinnyWaffle_iOSTests" */ = {
			isa = XCConfigurationList;
			buildConfigurations = (
				79F1FBA624351E7100895AF6 /* Debug */,
				79F1FBA724351E7100895AF6 /* Release */,
			);
			defaultConfigurationIsVisible = 0;
			defaultConfigurationName = Release;
		};
/* End XCConfigurationList section */
	};
	rootObject = 79F1FAE224351C0600895AF6 /* Project object */;
}
